// !$*UTF8*$!
{
	archiveVersion = 1;
	classes = {
	};
	objectVersion = 50;
	objects = {

/* Begin PBXBuildFile section */
		A51643B323AB8FD8006D6349 /* main.swift in Sources */ = {isa = PBXBuildFile; fileRef = A51643B223AB8FD8006D6349 /* main.swift */; };
		A555230123BE4D57006DF8FA /* StringFile.swift in Sources */ = {isa = PBXBuildFile; fileRef = A555230023BE4D57006DF8FA /* StringFile.swift */; };
		A56EEF8823BDF0C90068269F /* LocalizationTests.swift in Sources */ = {isa = PBXBuildFile; fileRef = A56EEF8723BDF0C90068269F /* LocalizationTests.swift */; };
		A56EEF8D23BDF1370068269F /* main.swift in Sources */ = {isa = PBXBuildFile; fileRef = A51643B223AB8FD8006D6349 /* main.swift */; };
		A56EEF9523BDFDBD0068269F /* Shell.swift in Sources */ = {isa = PBXBuildFile; fileRef = A56EEF8E23BDF4F40068269F /* Shell.swift */; };
		A574976623BDFE2100F0ED21 /* Sheet.swift in Sources */ = {isa = PBXBuildFile; fileRef = A574976523BDFE2100F0ED21 /* Sheet.swift */; };
		A574976823BDFE8C00F0ED21 /* FileHelper.swift in Sources */ = {isa = PBXBuildFile; fileRef = A574976723BDFE8C00F0ED21 /* FileHelper.swift */; };
/* End PBXBuildFile section */

/* Begin PBXCopyFilesBuildPhase section */
		A51643AD23AB8FD8006D6349 /* CopyFiles */ = {
			isa = PBXCopyFilesBuildPhase;
			buildActionMask = 2147483647;
			dstPath = .;
			dstSubfolderSpec = 16;
			files = (
			);
			runOnlyForDeploymentPostprocessing = 1;
		};
/* End PBXCopyFilesBuildPhase section */

/* Begin PBXFileReference section */
		A51643AF23AB8FD8006D6349 /* Lo-Script */ = {isa = PBXFileReference; explicitFileType = "compiled.mach-o.executable"; includeInIndex = 0; path = "Lo-Script"; sourceTree = BUILT_PRODUCTS_DIR; };
		A51643B223AB8FD8006D6349 /* main.swift */ = {isa = PBXFileReference; lastKnownFileType = sourcecode.swift; path = main.swift; sourceTree = "<group>"; };
		A555230023BE4D57006DF8FA /* StringFile.swift */ = {isa = PBXFileReference; lastKnownFileType = sourcecode.swift; path = StringFile.swift; sourceTree = "<group>"; };
		A56EEF8523BDF0C90068269F /* LocalizationTests.xctest */ = {isa = PBXFileReference; explicitFileType = wrapper.cfbundle; includeInIndex = 0; path = LocalizationTests.xctest; sourceTree = BUILT_PRODUCTS_DIR; };
		A56EEF8723BDF0C90068269F /* LocalizationTests.swift */ = {isa = PBXFileReference; lastKnownFileType = sourcecode.swift; path = LocalizationTests.swift; sourceTree = "<group>"; };
		A56EEF8923BDF0C90068269F /* Info.plist */ = {isa = PBXFileReference; lastKnownFileType = text.plist.xml; path = Info.plist; sourceTree = "<group>"; };
		A56EEF8E23BDF4F40068269F /* Shell.swift */ = {isa = PBXFileReference; lastKnownFileType = sourcecode.swift; path = Shell.swift; sourceTree = "<group>"; };
		A574976523BDFE2100F0ED21 /* Sheet.swift */ = {isa = PBXFileReference; lastKnownFileType = sourcecode.swift; path = Sheet.swift; sourceTree = "<group>"; };
		A574976723BDFE8C00F0ED21 /* FileHelper.swift */ = {isa = PBXFileReference; lastKnownFileType = sourcecode.swift; path = FileHelper.swift; sourceTree = "<group>"; };
/* End PBXFileReference section */

/* Begin PBXFrameworksBuildPhase section */
		A51643AC23AB8FD8006D6349 /* Frameworks */ = {
			isa = PBXFrameworksBuildPhase;
			buildActionMask = 2147483647;
			files = (
			);
			runOnlyForDeploymentPostprocessing = 0;
		};
		A56EEF8223BDF0C90068269F /* Frameworks */ = {
			isa = PBXFrameworksBuildPhase;
			buildActionMask = 2147483647;
			files = (
			);
			runOnlyForDeploymentPostprocessing = 0;
		};
/* End PBXFrameworksBuildPhase section */

/* Begin PBXGroup section */
		A51643A623AB8FD8006D6349 = {
			isa = PBXGroup;
			children = (
				A51643B123AB8FD8006D6349 /* Lo-Script */,
				A56EEF8623BDF0C90068269F /* LocalizationTests */,
				A51643B023AB8FD8006D6349 /* Products */,
			);
			sourceTree = "<group>";
		};
		A51643B023AB8FD8006D6349 /* Products */ = {
			isa = PBXGroup;
			children = (
				A51643AF23AB8FD8006D6349 /* Lo-Script */,
				A56EEF8523BDF0C90068269F /* LocalizationTests.xctest */,
			);
			name = Products;
			sourceTree = "<group>";
		};
		A51643B123AB8FD8006D6349 /* Lo-Script */ = {
			isa = PBXGroup;
			children = (
				A51643B223AB8FD8006D6349 /* main.swift */,
				A56EEF9323BDFC220068269F /* Helpers */,
			);
			path = "Lo-Script";
			sourceTree = "<group>";
		};
		A56EEF8623BDF0C90068269F /* LocalizationTests */ = {
			isa = PBXGroup;
			children = (
				A56EEF8723BDF0C90068269F /* LocalizationTests.swift */,
				A56EEF8E23BDF4F40068269F /* Shell.swift */,
				A56EEF8923BDF0C90068269F /* Info.plist */,
			);
			path = LocalizationTests;
			sourceTree = "<group>";
		};
		A56EEF9323BDFC220068269F /* Helpers */ = {
			isa = PBXGroup;
			children = (
				A574976523BDFE2100F0ED21 /* Sheet.swift */,
				A555230023BE4D57006DF8FA /* StringFile.swift */,
				A574976723BDFE8C00F0ED21 /* FileHelper.swift */,
			);
			path = Helpers;
			sourceTree = "<group>";
		};
/* End PBXGroup section */

/* Begin PBXNativeTarget section */
		A51643AE23AB8FD8006D6349 /* Lo-Script */ = {
			isa = PBXNativeTarget;
			buildConfigurationList = A51643B623AB8FD8006D6349 /* Build configuration list for PBXNativeTarget "Lo-Script" */;
			buildPhases = (
				A51643AB23AB8FD8006D6349 /* Sources */,
				A51643AC23AB8FD8006D6349 /* Frameworks */,
				A51643AD23AB8FD8006D6349 /* CopyFiles */,
				A56EEF9023BDF57E0068269F /* ShellScript */,
			);
			buildRules = (
			);
			dependencies = (
			);
			name = "Lo-Script";
			productName = TestScript;
			productReference = A51643AF23AB8FD8006D6349 /* Lo-Script */;
			productType = "com.apple.product-type.tool";
		};
		A56EEF8423BDF0C90068269F /* LocalizationTests */ = {
			isa = PBXNativeTarget;
			buildConfigurationList = A56EEF8A23BDF0C90068269F /* Build configuration list for PBXNativeTarget "LocalizationTests" */;
			buildPhases = (
				A56EEF8123BDF0C90068269F /* Sources */,
				A56EEF8223BDF0C90068269F /* Frameworks */,
				A56EEF8323BDF0C90068269F /* Resources */,
			);
			buildRules = (
			);
			dependencies = (
			);
			name = LocalizationTests;
			productName = LocalizationTests;
			productReference = A56EEF8523BDF0C90068269F /* LocalizationTests.xctest */;
			productType = "com.apple.product-type.bundle.unit-test";
		};
/* End PBXNativeTarget section */

/* Begin PBXProject section */
		A51643A723AB8FD8006D6349 /* Project object */ = {
			isa = PBXProject;
			attributes = {
				LastSwiftUpdateCheck = 1120;
				LastUpgradeCheck = 1120;
				ORGANIZATIONNAME = Sergio.Lopez;
				TargetAttributes = {
					A51643AE23AB8FD8006D6349 = {
						CreatedOnToolsVersion = 11.2.1;
					};
					A56EEF8423BDF0C90068269F = {
						CreatedOnToolsVersion = 11.2.1;
					};
				};
			};
			buildConfigurationList = A51643AA23AB8FD8006D6349 /* Build configuration list for PBXProject "Lo-Script" */;
			compatibilityVersion = "Xcode 9.3";
			developmentRegion = en;
			hasScannedForEncodings = 0;
			knownRegions = (
				en,
				Base,
			);
			mainGroup = A51643A623AB8FD8006D6349;
			productRefGroup = A51643B023AB8FD8006D6349 /* Products */;
			projectDirPath = "";
			projectRoot = "";
			targets = (
				A51643AE23AB8FD8006D6349 /* Lo-Script */,
				A56EEF8423BDF0C90068269F /* LocalizationTests */,
			);
		};
/* End PBXProject section */

/* Begin PBXResourcesBuildPhase section */
		A56EEF8323BDF0C90068269F /* Resources */ = {
			isa = PBXResourcesBuildPhase;
			buildActionMask = 2147483647;
			files = (
			);
			runOnlyForDeploymentPostprocessing = 0;
		};
/* End PBXResourcesBuildPhase section */

/* Begin PBXShellScriptBuildPhase section */
		A56EEF9023BDF57E0068269F /* ShellScript */ = {
			isa = PBXShellScriptBuildPhase;
			buildActionMask = 2147483647;
			files = (
			);
			inputFileListPaths = (
			);
			inputPaths = (
			);
			outputFileListPaths = (
			);
			outputPaths = (
			);
			runOnlyForDeploymentPostprocessing = 0;
			shellPath = /bin/sh;
			shellScript = "#!/bin/bash\n\ncat ./Lo-Script/Helpers/FileHelper.swift ./Lo-Script/Helpers/StringFile.swift ./Lo-Script/Helpers/Sheet.swift ./Lo-Script/main.swift > ./Generated\\ Script/lo-script.swift\n";
		};
/* End PBXShellScriptBuildPhase section */

/* Begin PBXSourcesBuildPhase section */
		A51643AB23AB8FD8006D6349 /* Sources */ = {
			isa = PBXSourcesBuildPhase;
			buildActionMask = 2147483647;
			files = (
				A574976823BDFE8C00F0ED21 /* FileHelper.swift in Sources */,
				A555230123BE4D57006DF8FA /* StringFile.swift in Sources */,
				A51643B323AB8FD8006D6349 /* main.swift in Sources */,
				A574976623BDFE2100F0ED21 /* Sheet.swift in Sources */,
			);
			runOnlyForDeploymentPostprocessing = 0;
		};
		A56EEF8123BDF0C90068269F /* Sources */ = {
			isa = PBXSourcesBuildPhase;
			buildActionMask = 2147483647;
			files = (
				A56EEF9523BDFDBD0068269F /* Shell.swift in Sources */,
				A56EEF8D23BDF1370068269F /* main.swift in Sources */,
				A56EEF8823BDF0C90068269F /* LocalizationTests.swift in Sources */,
			);
			runOnlyForDeploymentPostprocessing = 0;
		};
/* End PBXSourcesBuildPhase section */

/* Begin XCBuildConfiguration section */
		A51643B423AB8FD8006D6349 /* Debug */ = {
			isa = XCBuildConfiguration;
			buildSettings = {
				ALWAYS_SEARCH_USER_PATHS = NO;
				CLANG_ANALYZER_NONNULL = YES;
				CLANG_ANALYZER_NUMBER_OBJECT_CONVERSION = YES_AGGRESSIVE;
				CLANG_CXX_LANGUAGE_STANDARD = "gnu++14";
				CLANG_CXX_LIBRARY = "libc++";
				CLANG_ENABLE_MODULES = YES;
				CLANG_ENABLE_OBJC_ARC = YES;
				CLANG_ENABLE_OBJC_WEAK = YES;
				CLANG_WARN_BLOCK_CAPTURE_AUTORELEASING = YES;
				CLANG_WARN_BOOL_CONVERSION = YES;
				CLANG_WARN_COMMA = YES;
				CLANG_WARN_CONSTANT_CONVERSION = YES;
				CLANG_WARN_DEPRECATED_OBJC_IMPLEMENTATIONS = YES;
				CLANG_WARN_DIRECT_OBJC_ISA_USAGE = YES_ERROR;
				CLANG_WARN_DOCUMENTATION_COMMENTS = YES;
				CLANG_WARN_EMPTY_BODY = YES;
				CLANG_WARN_ENUM_CONVERSION = YES;
				CLANG_WARN_INFINITE_RECURSION = YES;
				CLANG_WARN_INT_CONVERSION = YES;
				CLANG_WARN_NON_LITERAL_NULL_CONVERSION = YES;
				CLANG_WARN_OBJC_IMPLICIT_RETAIN_SELF = YES;
				CLANG_WARN_OBJC_LITERAL_CONVERSION = YES;
				CLANG_WARN_OBJC_ROOT_CLASS = YES_ERROR;
				CLANG_WARN_RANGE_LOOP_ANALYSIS = YES;
				CLANG_WARN_STRICT_PROTOTYPES = YES;
				CLANG_WARN_SUSPICIOUS_MOVE = YES;
				CLANG_WARN_UNGUARDED_AVAILABILITY = YES_AGGRESSIVE;
				CLANG_WARN_UNREACHABLE_CODE = YES;
				CLANG_WARN__DUPLICATE_METHOD_MATCH = YES;
				COPY_PHASE_STRIP = NO;
				DEBUG_INFORMATION_FORMAT = dwarf;
				ENABLE_STRICT_OBJC_MSGSEND = YES;
				ENABLE_TESTABILITY = YES;
				GCC_C_LANGUAGE_STANDARD = gnu11;
				GCC_DYNAMIC_NO_PIC = NO;
				GCC_NO_COMMON_BLOCKS = YES;
				GCC_OPTIMIZATION_LEVEL = 0;
				GCC_PREPROCESSOR_DEFINITIONS = (
					"DEBUG=1",
					"$(inherited)",
				);
				GCC_WARN_64_TO_32_BIT_CONVERSION = YES;
				GCC_WARN_ABOUT_RETURN_TYPE = YES_ERROR;
				GCC_WARN_UNDECLARED_SELECTOR = YES;
				GCC_WARN_UNINITIALIZED_AUTOS = YES_AGGRESSIVE;
				GCC_WARN_UNUSED_FUNCTION = YES;
				GCC_WARN_UNUSED_VARIABLE = YES;
				MACOSX_DEPLOYMENT_TARGET = 10.15;
				MTL_ENABLE_DEBUG_INFO = INCLUDE_SOURCE;
				MTL_FAST_MATH = YES;
				ONLY_ACTIVE_ARCH = YES;
				SDKROOT = macosx;
				SWIFT_ACTIVE_COMPILATION_CONDITIONS = DEBUG;
				SWIFT_OPTIMIZATION_LEVEL = "-Onone";
			};
			name = Debug;
		};
		A51643B523AB8FD8006D6349 /* Release */ = {
			isa = XCBuildConfiguration;
			buildSettings = {
				ALWAYS_SEARCH_USER_PATHS = NO;
				CLANG_ANALYZER_NONNULL = YES;
				CLANG_ANALYZER_NUMBER_OBJECT_CONVERSION = YES_AGGRESSIVE;
				CLANG_CXX_LANGUAGE_STANDARD = "gnu++14";
				CLANG_CXX_LIBRARY = "libc++";
				CLANG_ENABLE_MODULES = YES;
				CLANG_ENABLE_OBJC_ARC = YES;
				CLANG_ENABLE_OBJC_WEAK = YES;
				CLANG_WARN_BLOCK_CAPTURE_AUTORELEASING = YES;
				CLANG_WARN_BOOL_CONVERSION = YES;
				CLANG_WARN_COMMA = YES;
				CLANG_WARN_CONSTANT_CONVERSION = YES;
				CLANG_WARN_DEPRECATED_OBJC_IMPLEMENTATIONS = YES;
				CLANG_WARN_DIRECT_OBJC_ISA_USAGE = YES_ERROR;
				CLANG_WARN_DOCUMENTATION_COMMENTS = YES;
				CLANG_WARN_EMPTY_BODY = YES;
				CLANG_WARN_ENUM_CONVERSION = YES;
				CLANG_WARN_INFINITE_RECURSION = YES;
				CLANG_WARN_INT_CONVERSION = YES;
				CLANG_WARN_NON_LITERAL_NULL_CONVERSION = YES;
				CLANG_WARN_OBJC_IMPLICIT_RETAIN_SELF = YES;
				CLANG_WARN_OBJC_LITERAL_CONVERSION = YES;
				CLANG_WARN_OBJC_ROOT_CLASS = YES_ERROR;
				CLANG_WARN_RANGE_LOOP_ANALYSIS = YES;
				CLANG_WARN_STRICT_PROTOTYPES = YES;
				CLANG_WARN_SUSPICIOUS_MOVE = YES;
				CLANG_WARN_UNGUARDED_AVAILABILITY = YES_AGGRESSIVE;
				CLANG_WARN_UNREACHABLE_CODE = YES;
				CLANG_WARN__DUPLICATE_METHOD_MATCH = YES;
				COPY_PHASE_STRIP = NO;
				DEBUG_INFORMATION_FORMAT = "dwarf-with-dsym";
				ENABLE_NS_ASSERTIONS = NO;
				ENABLE_STRICT_OBJC_MSGSEND = YES;
				GCC_C_LANGUAGE_STANDARD = gnu11;
				GCC_NO_COMMON_BLOCKS = YES;
				GCC_WARN_64_TO_32_BIT_CONVERSION = YES;
				GCC_WARN_ABOUT_RETURN_TYPE = YES_ERROR;
				GCC_WARN_UNDECLARED_SELECTOR = YES;
				GCC_WARN_UNINITIALIZED_AUTOS = YES_AGGRESSIVE;
				GCC_WARN_UNUSED_FUNCTION = YES;
				GCC_WARN_UNUSED_VARIABLE = YES;
				MACOSX_DEPLOYMENT_TARGET = 10.15;
				MTL_ENABLE_DEBUG_INFO = NO;
				MTL_FAST_MATH = YES;
				SDKROOT = macosx;
				SWIFT_COMPILATION_MODE = wholemodule;
				SWIFT_OPTIMIZATION_LEVEL = "-O";
			};
			name = Release;
		};
		A51643B723AB8FD8006D6349 /* Debug */ = {
			isa = XCBuildConfiguration;
			buildSettings = {
				CODE_SIGN_STYLE = Automatic;
				DEVELOPMENT_TEAM = X8759LCVLP;
				ENABLE_HARDENED_RUNTIME = YES;
				PRODUCT_NAME = "$(TARGET_NAME)";
				SWIFT_VERSION = 5.0;
			};
			name = Debug;
		};
		A51643B823AB8FD8006D6349 /* Release */ = {
			isa = XCBuildConfiguration;
			buildSettings = {
				CODE_SIGN_STYLE = Automatic;
				DEVELOPMENT_TEAM = X8759LCVLP;
				ENABLE_HARDENED_RUNTIME = YES;
				PRODUCT_NAME = "$(TARGET_NAME)";
				SWIFT_VERSION = 5.0;
			};
			name = Release;
		};
		A56EEF8B23BDF0C90068269F /* Debug */ = {
			isa = XCBuildConfiguration;
			buildSettings = {
				CODE_SIGN_STYLE = Automatic;
				COMBINE_HIDPI_IMAGES = YES;
				DEVELOPMENT_TEAM = X8759LCVLP;
				INFOPLIST_FILE = LocalizationTests/Info.plist;
				LD_RUNPATH_SEARCH_PATHS = (
					"$(inherited)",
					"@executable_path/../Frameworks",
					"@loader_path/../Frameworks",
				);
				PRODUCT_BUNDLE_IDENTIFIER = com.gigigo.LocalizationTests;
				PRODUCT_NAME = "$(TARGET_NAME)";
				SWIFT_VERSION = 5.0;
			};
			name = Debug;
		};
		A56EEF8C23BDF0C90068269F /* Release */ = {
			isa = XCBuildConfiguration;
			buildSettings = {
				CODE_SIGN_STYLE = Automatic;
				COMBINE_HIDPI_IMAGES = YES;
				DEVELOPMENT_TEAM = X8759LCVLP;
				INFOPLIST_FILE = LocalizationTests/Info.plist;
				LD_RUNPATH_SEARCH_PATHS = (
					"$(inherited)",
					"@executable_path/../Frameworks",
					"@loader_path/../Frameworks",
				);
				PRODUCT_BUNDLE_IDENTIFIER = com.gigigo.LocalizationTests;
				PRODUCT_NAME = "$(TARGET_NAME)";
				SWIFT_VERSION = 5.0;
			};
			name = Release;
		};
/* End XCBuildConfiguration section */

/* Begin XCConfigurationList section */
		A51643AA23AB8FD8006D6349 /* Build configuration list for PBXProject "Lo-Script" */ = {
			isa = XCConfigurationList;
			buildConfigurations = (
				A51643B423AB8FD8006D6349 /* Debug */,
				A51643B523AB8FD8006D6349 /* Release */,
			);
			defaultConfigurationIsVisible = 0;
			defaultConfigurationName = Release;
		};
		A51643B623AB8FD8006D6349 /* Build configuration list for PBXNativeTarget "Lo-Script" */ = {
			isa = XCConfigurationList;
			buildConfigurations = (
				A51643B723AB8FD8006D6349 /* Debug */,
				A51643B823AB8FD8006D6349 /* Release */,
			);
			defaultConfigurationIsVisible = 0;
			defaultConfigurationName = Release;
		};
		A56EEF8A23BDF0C90068269F /* Build configuration list for PBXNativeTarget "LocalizationTests" */ = {
			isa = XCConfigurationList;
			buildConfigurations = (
				A56EEF8B23BDF0C90068269F /* Debug */,
				A56EEF8C23BDF0C90068269F /* Release */,
			);
			defaultConfigurationIsVisible = 0;
			defaultConfigurationName = Release;
		};
/* End XCConfigurationList section */
	};
	rootObject = A51643A723AB8FD8006D6349 /* Project object */;
}
